Microsoft Visual Studio Solution File, Format Version 12.00
# Visual Studio 2012
Project("{2150E333-8FDC-42A3-9474-1A3956D46DE8}") = "Solution Items", "Solution Items", "{64E8C0D0-EE89-4D72-957D-9527FF060B6E}"
	ProjectSection(SolutionItems) = preProject
		..\.gitignore = ..\.gitignore
		..\build.cmd = ..\build.cmd
		..\LICENSE.md = ..\LICENSE.md
		..\README.md = ..\README.md
	EndProjectSection
EndProject
Project("{2150E333-8FDC-42A3-9474-1A3956D46DE8}") = "Package", "Package", "{1AD3DDB2-7BF5-40BB-9A55-21AE19FAD0CE}"
	ProjectSection(SolutionItems) = preProject
		..\package\package.proj = ..\package\package.proj
		..\package\package.txt = ..\package\package.txt
		..\package\package.xml = ..\package\package.xml
	EndProjectSection
EndProject
Project("{FAE04EC0-301F-11D3-BF4B-00C04F79EFBC}") = "ImageProcessor.Umbraco", "ImageProcessor.Umbraco\ImageProcessor.Umbraco.csproj", "{124A5C62-0341-4AA1-81AF-0750F358DD37}"
EndProject
Project("{2150E333-8FDC-42A3-9474-1A3956D46DE8}") = ".nuget", ".nuget", "{8385D108-CB2D-4DFE-A503-D49CCA8C1D90}"
	ProjectSection(SolutionItems) = preProject
		.nuget\NuGet.Config = .nuget\NuGet.Config
		.nuget\NuGet.exe = .nuget\NuGet.exe
		.nuget\NuGet.targets = .nuget\NuGet.targets
	EndProjectSection
EndProject
Global
	GlobalSection(SolutionConfigurationPlatforms) = preSolution
		Debug|Any CPU = Debug|Any CPU
		Release|Any CPU = Release|Any CPU
	EndGlobalSection
	GlobalSection(ProjectConfigurationPlatforms) = postSolution
		{124A5C62-0341-4AA1-81AF-0750F358DD37}.Debug|Any CPU.ActiveCfg = Debug|Any CPU
		{124A5C62-0341-4AA1-81AF-0750F358DD37}.Debug|Any CPU.Build.0 = Debug|Any CPU
		{124A5C62-0341-4AA1-81AF-0750F358DD37}.Release|Any CPU.ActiveCfg = Release|Any CPU
		{124A5C62-0341-4AA1-81AF-0750F358DD37}.Release|Any CPU.Build.0 = Release|Any CPU
	EndGlobalSection
	GlobalSection(SolutionProperties) = preSolution
		HideSolutionNode = FALSE
	EndGlobalSection
	GlobalSection(NestedProjects) = preSolution
		{1AD3DDB2-7BF5-40BB-9A55-21AE19FAD0CE} = {64E8C0D0-EE89-4D72-957D-9527FF060B6E}
		{8385D108-CB2D-4DFE-A503-D49CCA8C1D90} = {64E8C0D0-EE89-4D72-957D-9527FF060B6E}
	EndGlobalSection
EndGlobal
